
Microsoft Visual Studio Solution File, Format Version 12.00
Project("{2150E333-8FDC-42A3-9474-1A3956D46DE8}") = "src", "src", "{04B5B249-CCB3-41B5-94C5-826B1FF836DF}"
EndProject
Project("{2150E333-8FDC-42A3-9474-1A3956D46DE8}") = "YAEC.Packages", "YAEC.Packages", "{DB0CAD2D-7CB4-45E9-B8CD-78826C1DF7EA}"
EndProject
Project("{2150E333-8FDC-42A3-9474-1A3956D46DE8}") = "YAEC.Services", "YAEC.Services", "{B313B5DA-D93E-40B7-B853-72AC3088E273}"
EndProject
Project("{2150E333-8FDC-42A3-9474-1A3956D46DE8}") = "YAEC.Hosted", "YAEC.Hosted", "{61D7AB30-A1D0-4720-B30F-34BBA632E5F8}"
EndProject
Project("{FAE04EC0-301F-11D3-BF4B-00C04F79EFBC}") = "Service.Identity", "src\YAEC.Services\Service.Identity\Service.Identity.csproj", "{9A896E83-7D1C-4411-9A2E-E74C62AE14E7}"
EndProject
Project("{FAE04EC0-301F-11D3-BF4B-00C04F79EFBC}") = "Service.Catalog", "src\YAEC.Services\Service.Catalog\Service.Catalog.csproj", "{2892C99C-A9F1-48FE-ABCA-A17EB3A910EA}"
EndProject
Project("{FAE04EC0-301F-11D3-BF4B-00C04F79EFBC}") = "YAEC.Shared", "src\YAEC.Shared\YAEC.Shared.csproj", "{0802068B-B8C3-4076-A0B2-8F0A25DB6FF1}"
EndProject
Project("{FAE04EC0-301F-11D3-BF4B-00C04F79EFBC}") = "Package.MongoDB", "src\YAEC.Packages\Package.MongoDB\Package.MongoDB.csproj", "{1C2BC661-E98E-4F42-A9B3-C39A8B54B367}"
EndProject
Project("{FAE04EC0-301F-11D3-BF4B-00C04F79EFBC}") = "Package.Identity", "src\YAEC.Packages\Package.Identity\Package.Identity.csproj", "{7B6CE028-689A-4CBD-BC25-A97FDE374421}"
EndProject
Project("{FAE04EC0-301F-11D3-BF4B-00C04F79EFBC}") = "YAEC.Docker", "src\YAEC.Hosted\YAEC.Docker\YAEC.Docker.csproj", "{93A4C211-6F9E-4A2D-BBA1-EC5A29A16B75}"
EndProject
Project("{FAE04EC0-301F-11D3-BF4B-00C04F79EFBC}") = "YAEC.WebApp", "src\YAEC.Hosted\YAEC.WebApp\YAEC.WebApp.csproj", "{C98823C9-85D3-423D-A156-22F86F9BBB32}"
EndProject
Project("{FAE04EC0-301F-11D3-BF4B-00C04F79EFBC}") = "YAEC.Gateway", "src\YAEC.Hosted\YAEC.Gateway\YAEC.Gateway.csproj", "{0316BDD0-1011-42C1-B968-A416027A161D}"
EndProject
Project("{FAE04EC0-301F-11D3-BF4B-00C04F79EFBC}") = "Package.Serilog", "src\YAEC.Packages\Package.Serilog\Package.Serilog.csproj", "{6DB37965-8DB3-4630-B332-6039848D2834}"
EndProject
Project("{FAE04EC0-301F-11D3-BF4B-00C04F79EFBC}") = "Package.Payments", "src\YAEC.Packages\Package.Payments\Package.Payments.csproj", "{7075F23A-C7CE-4C3D-B583-54061F48B64C}"
EndProject
Project("{FAE04EC0-301F-11D3-BF4B-00C04F79EFBC}") = "Service.Storage", "src\YAEC.Services\Service.Storage\Service.Storage.csproj", "{191FAA6E-7E86-4F5A-A5C3-770032788840}"
EndProject
Project("{FAE04EC0-301F-11D3-BF4B-00C04F79EFBC}") = "Package.Ffmpeg", "src\YAEC.Packages\Package.Ffmpeg\Package.Ffmpeg.csproj", "{496698B9-BA55-4DB0-8301-4C9ACD512E6D}"
EndProject
Project("{FAE04EC0-301F-11D3-BF4B-00C04F79EFBC}") = "Package.ObjectStorage", "src\YAEC.Packages\Package.ObjectStorage\Package.ObjectStorage.csproj", "{BA7694C9-4619-4B9A-816E-9EFF88F4648A}"
EndProject
Project("{FAE04EC0-301F-11D3-BF4B-00C04F79EFBC}") = "Package.Redis", "src\YAEC.Packages\Package.Redis\Package.Redis.csproj", "{34761DDA-8DB9-4E97-A04A-8B90340EED33}"
EndProject
Project("{FAE04EC0-301F-11D3-BF4B-00C04F79EFBC}") = "Package.RabbitMQ", "src\YAEC.Packages\Package.RabbitMQ\Package.RabbitMQ.csproj", "{BBDF1352-3983-4219-B305-04CA14FF9F57}"
EndProject
Project("{FAE04EC0-301F-11D3-BF4B-00C04F79EFBC}") = "Package.WS", "src\YAEC.Packages\Package.WS\Package.WS.csproj", "{9EFE666D-7DE9-4DBD-9750-EA1871487292}"
EndProject
Global
	GlobalSection(SolutionConfigurationPlatforms) = preSolution
		Debug|Any CPU = Debug|Any CPU
		Release|Any CPU = Release|Any CPU
	EndGlobalSection
	GlobalSection(NestedProjects) = preSolution
		{DB0CAD2D-7CB4-45E9-B8CD-78826C1DF7EA} = {04B5B249-CCB3-41B5-94C5-826B1FF836DF}
		{B313B5DA-D93E-40B7-B853-72AC3088E273} = {04B5B249-CCB3-41B5-94C5-826B1FF836DF}
		{61D7AB30-A1D0-4720-B30F-34BBA632E5F8} = {04B5B249-CCB3-41B5-94C5-826B1FF836DF}
		{9A896E83-7D1C-4411-9A2E-E74C62AE14E7} = {B313B5DA-D93E-40B7-B853-72AC3088E273}
		{2892C99C-A9F1-48FE-ABCA-A17EB3A910EA} = {B313B5DA-D93E-40B7-B853-72AC3088E273}
		{0802068B-B8C3-4076-A0B2-8F0A25DB6FF1} = {04B5B249-CCB3-41B5-94C5-826B1FF836DF}
		{1C2BC661-E98E-4F42-A9B3-C39A8B54B367} = {DB0CAD2D-7CB4-45E9-B8CD-78826C1DF7EA}
		{7B6CE028-689A-4CBD-BC25-A97FDE374421} = {DB0CAD2D-7CB4-45E9-B8CD-78826C1DF7EA}
		{93A4C211-6F9E-4A2D-BBA1-EC5A29A16B75} = {61D7AB30-A1D0-4720-B30F-34BBA632E5F8}
		{C98823C9-85D3-423D-A156-22F86F9BBB32} = {61D7AB30-A1D0-4720-B30F-34BBA632E5F8}
		{0316BDD0-1011-42C1-B968-A416027A161D} = {61D7AB30-A1D0-4720-B30F-34BBA632E5F8}
		{6DB37965-8DB3-4630-B332-6039848D2834} = {DB0CAD2D-7CB4-45E9-B8CD-78826C1DF7EA}
		{7075F23A-C7CE-4C3D-B583-54061F48B64C} = {DB0CAD2D-7CB4-45E9-B8CD-78826C1DF7EA}
		{191FAA6E-7E86-4F5A-A5C3-770032788840} = {B313B5DA-D93E-40B7-B853-72AC3088E273}
		{496698B9-BA55-4DB0-8301-4C9ACD512E6D} = {DB0CAD2D-7CB4-45E9-B8CD-78826C1DF7EA}
		{BA7694C9-4619-4B9A-816E-9EFF88F4648A} = {DB0CAD2D-7CB4-45E9-B8CD-78826C1DF7EA}
		{34761DDA-8DB9-4E97-A04A-8B90340EED33} = {DB0CAD2D-7CB4-45E9-B8CD-78826C1DF7EA}
		{BBDF1352-3983-4219-B305-04CA14FF9F57} = {DB0CAD2D-7CB4-45E9-B8CD-78826C1DF7EA}
		{9EFE666D-7DE9-4DBD-9750-EA1871487292} = {DB0CAD2D-7CB4-45E9-B8CD-78826C1DF7EA}
	EndGlobalSection
	GlobalSection(ProjectConfigurationPlatforms) = postSolution
		{9A896E83-7D1C-4411-9A2E-E74C62AE14E7}.Debug|Any CPU.ActiveCfg = Debug|Any CPU
		{9A896E83-7D1C-4411-9A2E-E74C62AE14E7}.Debug|Any CPU.Build.0 = Debug|Any CPU
		{9A896E83-7D1C-4411-9A2E-E74C62AE14E7}.Release|Any CPU.ActiveCfg = Release|Any CPU
		{9A896E83-7D1C-4411-9A2E-E74C62AE14E7}.Release|Any CPU.Build.0 = Release|Any CPU
		{2892C99C-A9F1-48FE-ABCA-A17EB3A910EA}.Debug|Any CPU.ActiveCfg = Debug|Any CPU
		{2892C99C-A9F1-48FE-ABCA-A17EB3A910EA}.Debug|Any CPU.Build.0 = Debug|Any CPU
		{2892C99C-A9F1-48FE-ABCA-A17EB3A910EA}.Release|Any CPU.ActiveCfg = Release|Any CPU
		{2892C99C-A9F1-48FE-ABCA-A17EB3A910EA}.Release|Any CPU.Build.0 = Release|Any CPU
		{0802068B-B8C3-4076-A0B2-8F0A25DB6FF1}.Debug|Any CPU.ActiveCfg = Debug|Any CPU
		{0802068B-B8C3-4076-A0B2-8F0A25DB6FF1}.Debug|Any CPU.Build.0 = Debug|Any CPU
		{0802068B-B8C3-4076-A0B2-8F0A25DB6FF1}.Release|Any CPU.ActiveCfg = Release|Any CPU
		{0802068B-B8C3-4076-A0B2-8F0A25DB6FF1}.Release|Any CPU.Build.0 = Release|Any CPU
		{1C2BC661-E98E-4F42-A9B3-C39A8B54B367}.Debug|Any CPU.ActiveCfg = Debug|Any CPU
		{1C2BC661-E98E-4F42-A9B3-C39A8B54B367}.Debug|Any CPU.Build.0 = Debug|Any CPU
		{1C2BC661-E98E-4F42-A9B3-C39A8B54B367}.Release|Any CPU.ActiveCfg = Release|Any CPU
		{1C2BC661-E98E-4F42-A9B3-C39A8B54B367}.Release|Any CPU.Build.0 = Release|Any CPU
		{7B6CE028-689A-4CBD-BC25-A97FDE374421}.Debug|Any CPU.ActiveCfg = Debug|Any CPU
		{7B6CE028-689A-4CBD-BC25-A97FDE374421}.Debug|Any CPU.Build.0 = Debug|Any CPU
		{7B6CE028-689A-4CBD-BC25-A97FDE374421}.Release|Any CPU.ActiveCfg = Release|Any CPU
		{7B6CE028-689A-4CBD-BC25-A97FDE374421}.Release|Any CPU.Build.0 = Release|Any CPU
		{93A4C211-6F9E-4A2D-BBA1-EC5A29A16B75}.Debug|Any CPU.ActiveCfg = Debug|Any CPU
		{93A4C211-6F9E-4A2D-BBA1-EC5A29A16B75}.Debug|Any CPU.Build.0 = Debug|Any CPU
		{93A4C211-6F9E-4A2D-BBA1-EC5A29A16B75}.Release|Any CPU.ActiveCfg = Release|Any CPU
		{93A4C211-6F9E-4A2D-BBA1-EC5A29A16B75}.Release|Any CPU.Build.0 = Release|Any CPU
		{C98823C9-85D3-423D-A156-22F86F9BBB32}.Debug|Any CPU.ActiveCfg = Debug|Any CPU
		{C98823C9-85D3-423D-A156-22F86F9BBB32}.Debug|Any CPU.Build.0 = Debug|Any CPU
		{C98823C9-85D3-423D-A156-22F86F9BBB32}.Release|Any CPU.ActiveCfg = Release|Any CPU
		{C98823C9-85D3-423D-A156-22F86F9BBB32}.Release|Any CPU.Build.0 = Release|Any CPU
		{0316BDD0-1011-42C1-B968-A416027A161D}.Debug|Any CPU.ActiveCfg = Debug|Any CPU
		{0316BDD0-1011-42C1-B968-A416027A161D}.Debug|Any CPU.Build.0 = Debug|Any CPU
		{0316BDD0-1011-42C1-B968-A416027A161D}.Release|Any CPU.ActiveCfg = Release|Any CPU
		{0316BDD0-1011-42C1-B968-A416027A161D}.Release|Any CPU.Build.0 = Release|Any CPU
		{6DB37965-8DB3-4630-B332-6039848D2834}.Debug|Any CPU.ActiveCfg = Debug|Any CPU
		{6DB37965-8DB3-4630-B332-6039848D2834}.Debug|Any CPU.Build.0 = Debug|Any CPU
		{6DB37965-8DB3-4630-B332-6039848D2834}.Release|Any CPU.ActiveCfg = Release|Any CPU
		{6DB37965-8DB3-4630-B332-6039848D2834}.Release|Any CPU.Build.0 = Release|Any CPU
		{7075F23A-C7CE-4C3D-B583-54061F48B64C}.Debug|Any CPU.ActiveCfg = Debug|Any CPU
		{7075F23A-C7CE-4C3D-B583-54061F48B64C}.Debug|Any CPU.Build.0 = Debug|Any CPU
		{7075F23A-C7CE-4C3D-B583-54061F48B64C}.Release|Any CPU.ActiveCfg = Release|Any CPU
		{7075F23A-C7CE-4C3D-B583-54061F48B64C}.Release|Any CPU.Build.0 = Release|Any CPU
		{191FAA6E-7E86-4F5A-A5C3-770032788840}.Debug|Any CPU.ActiveCfg = Debug|Any CPU
		{191FAA6E-7E86-4F5A-A5C3-770032788840}.Debug|Any CPU.Build.0 = Debug|Any CPU
		{191FAA6E-7E86-4F5A-A5C3-770032788840}.Release|Any CPU.ActiveCfg = Release|Any CPU
		{191FAA6E-7E86-4F5A-A5C3-770032788840}.Release|Any CPU.Build.0 = Release|Any CPU
		{496698B9-BA55-4DB0-8301-4C9ACD512E6D}.Debug|Any CPU.ActiveCfg = Debug|Any CPU
		{496698B9-BA55-4DB0-8301-4C9ACD512E6D}.Debug|Any CPU.Build.0 = Debug|Any CPU
		{496698B9-BA55-4DB0-8301-4C9ACD512E6D}.Release|Any CPU.ActiveCfg = Release|Any CPU
		{496698B9-BA55-4DB0-8301-4C9ACD512E6D}.Release|Any CPU.Build.0 = Release|Any CPU
		{BA7694C9-4619-4B9A-816E-9EFF88F4648A}.Debug|Any CPU.ActiveCfg = Debug|Any CPU
		{BA7694C9-4619-4B9A-816E-9EFF88F4648A}.Debug|Any CPU.Build.0 = Debug|Any CPU
		{BA7694C9-4619-4B9A-816E-9EFF88F4648A}.Release|Any CPU.ActiveCfg = Release|Any CPU
		{BA7694C9-4619-4B9A-816E-9EFF88F4648A}.Release|Any CPU.Build.0 = Release|Any CPU
		{34761DDA-8DB9-4E97-A04A-8B90340EED33}.Debug|Any CPU.ActiveCfg = Debug|Any CPU
		{34761DDA-8DB9-4E97-A04A-8B90340EED33}.Debug|Any CPU.Build.0 = Debug|Any CPU
		{34761DDA-8DB9-4E97-A04A-8B90340EED33}.Release|Any CPU.ActiveCfg = Release|Any CPU
		{34761DDA-8DB9-4E97-A04A-8B90340EED33}.Release|Any CPU.Build.0 = Release|Any CPU
		{BBDF1352-3983-4219-B305-04CA14FF9F57}.Debug|Any CPU.ActiveCfg = Debug|Any CPU
		{BBDF1352-3983-4219-B305-04CA14FF9F57}.Debug|Any CPU.Build.0 = Debug|Any CPU
		{BBDF1352-3983-4219-B305-04CA14FF9F57}.Release|Any CPU.ActiveCfg = Release|Any CPU
		{BBDF1352-3983-4219-B305-04CA14FF9F57}.Release|Any CPU.Build.0 = Release|Any CPU
		{9EFE666D-7DE9-4DBD-9750-EA1871487292}.Debug|Any CPU.ActiveCfg = Debug|Any CPU
		{9EFE666D-7DE9-4DBD-9750-EA1871487292}.Debug|Any CPU.Build.0 = Debug|Any CPU
		{9EFE666D-7DE9-4DBD-9750-EA1871487292}.Release|Any CPU.ActiveCfg = Release|Any CPU
		{9EFE666D-7DE9-4DBD-9750-EA1871487292}.Release|Any CPU.Build.0 = Release|Any CPU
	EndGlobalSection
EndGlobal
